
Microsoft Visual Studio Solution File, Format Version 12.00
# Visual Studio Version 17
VisualStudioVersion = 17.12.35707.178
MinimumVisualStudioVersion = 10.0.40219.1
Project("{FAE04EC0-301F-11D3-BF4B-00C04F79EFBC}") = "PawfectCareLtd", "PawfectCareLtd.csproj", "{8B37C81A-361E-4217-BD68-6DBAEE090A94}"
EndProject
Project("{FAE04EC0-301F-11D3-BF4B-00C04F79EFBC}") = "PawfectCareLimited(Winforms)", "..\..\PawfectCareLimited\PawfectCareLimited\PawfectCareLimited(Winforms).csproj", "{E6741A3A-3CB9-4F9E-9CE1-3C8AF32DFFCB}"
EndProject
Project("{FAE04EC0-301F-11D3-BF4B-00C04F79EFBC}") = "Testing", "..\Testing\Testing.csproj", "{98627B31-E3A9-4DB2-91AE-B0647FD834B0}"
EndProject
Global
	GlobalSection(SolutionConfigurationPlatforms) = preSolution
		Debug|Any CPU = Debug|Any CPU
		Release|Any CPU = Release|Any CPU
	EndGlobalSection
	GlobalSection(ProjectConfigurationPlatforms) = postSolution
		{8B37C81A-361E-4217-BD68-6DBAEE090A94}.Debug|Any CPU.ActiveCfg = Debug|Any CPU
		{8B37C81A-361E-4217-BD68-6DBAEE090A94}.Debug|Any CPU.Build.0 = Debug|Any CPU
		{8B37C81A-361E-4217-BD68-6DBAEE090A94}.Release|Any CPU.ActiveCfg = Release|Any CPU
		{8B37C81A-361E-4217-BD68-6DBAEE090A94}.Release|Any CPU.Build.0 = Release|Any CPU
		{E6741A3A-3CB9-4F9E-9CE1-3C8AF32DFFCB}.Debug|Any CPU.ActiveCfg = Debug|Any CPU
		{E6741A3A-3CB9-4F9E-9CE1-3C8AF32DFFCB}.Debug|Any CPU.Build.0 = Debug|Any CPU
		{E6741A3A-3CB9-4F9E-9CE1-3C8AF32DFFCB}.Release|Any CPU.ActiveCfg = Release|Any CPU
		{E6741A3A-3CB9-4F9E-9CE1-3C8AF32DFFCB}.Release|Any CPU.Build.0 = Release|Any CPU
		{98627B31-E3A9-4DB2-91AE-B0647FD834B0}.Debug|Any CPU.ActiveCfg = Debug|Any CPU
		{98627B31-E3A9-4DB2-91AE-B0647FD834B0}.Debug|Any CPU.Build.0 = Debug|Any CPU
		{98627B31-E3A9-4DB2-91AE-B0647FD834B0}.Release|Any CPU.ActiveCfg = Release|Any CPU
		{98627B31-E3A9-4DB2-91AE-B0647FD834B0}.Release|Any CPU.Build.0 = Release|Any CPU
	EndGlobalSection
	GlobalSection(SolutionProperties) = preSolution
		HideSolutionNode = FALSE
	EndGlobalSection
EndGlobal
